// !$*UTF8*$!
{
	archiveVersion = 1;
	classes = {
	};
	objectVersion = 50;
	objects = {

/* Begin PBXBuildFile section */
		DB15FBB5217FDA9A00C97ADC /* SettingsViewController.swift in Sources */ = {isa = PBXBuildFile; fileRef = DB15FBB4217FDA9A00C97ADC /* SettingsViewController.swift */; };
		DB2C62CF217FA7B700F40095 /* AppDelegate.swift in Sources */ = {isa = PBXBuildFile; fileRef = DB2C62CE217FA7B700F40095 /* AppDelegate.swift */; };
		DB2C62D1217FA7B700F40095 /* MainViewController.swift in Sources */ = {isa = PBXBuildFile; fileRef = DB2C62D0217FA7B700F40095 /* MainViewController.swift */; };
		DB2C62D4217FA7B700F40095 /* Main.storyboard in Resources */ = {isa = PBXBuildFile; fileRef = DB2C62D2217FA7B700F40095 /* Main.storyboard */; };
		DB2C62D9217FA7B800F40095 /* LaunchScreen.storyboard in Resources */ = {isa = PBXBuildFile; fileRef = DB2C62D7217FA7B800F40095 /* LaunchScreen.storyboard */; };
		DB2C62E1217FAA1900F40095 /* Assets.xcassets in Resources */ = {isa = PBXBuildFile; fileRef = DB2C62E0217FAA1800F40095 /* Assets.xcassets */; };
		DB2F08DA218389AE006BA147 /* infoPageControllViewController.swift in Sources */ = {isa = PBXBuildFile; fileRef = DB2F08D9218389AE006BA147 /* infoPageControllViewController.swift */; };
		DB5F6BF12183D6400025BC9F /* HeaderCell.swift in Sources */ = {isa = PBXBuildFile; fileRef = DB5F6BF02183D6400025BC9F /* HeaderCell.swift */; };
		DB6BE5C7217FDCE6001C49B8 /* ProfileViewController.swift in Sources */ = {isa = PBXBuildFile; fileRef = DB6BE5C6217FDCE6001C49B8 /* ProfileViewController.swift */; };
		DB6BE5C9217FDD90001C49B8 /* PurchaseViewController.swift in Sources */ = {isa = PBXBuildFile; fileRef = DB6BE5C8217FDD90001C49B8 /* PurchaseViewController.swift */; };
		DB6BE5CB217FDE38001C49B8 /* AddPlaceViewController.swift in Sources */ = {isa = PBXBuildFile; fileRef = DB6BE5CA217FDE38001C49B8 /* AddPlaceViewController.swift */; };
		DB6BE5D3217FE42B001C49B8 /* QRScannerViewController.swift in Sources */ = {isa = PBXBuildFile; fileRef = DB6BE5D1217FE42B001C49B8 /* QRScannerViewController.swift */; };
		DB78E6D621878B010056267E /* SettingsListViewController.swift in Sources */ = {isa = PBXBuildFile; fileRef = DB78E6D521878B010056267E /* SettingsListViewController.swift */; };
		DB78E6D8218797BE0056267E /* itemTableViewCell.swift in Sources */ = {isa = PBXBuildFile; fileRef = DB78E6D7218797BE0056267E /* itemTableViewCell.swift */; };
/* End PBXBuildFile section */

/* Begin PBXFileReference section */
		DB15FBB4217FDA9A00C97ADC /* SettingsViewController.swift */ = {isa = PBXFileReference; lastKnownFileType = sourcecode.swift; path = SettingsViewController.swift; sourceTree = "<group>"; };
		DB2C62CB217FA7B700F40095 /* StampCardEasy.app */ = {isa = PBXFileReference; explicitFileType = wrapper.application; includeInIndex = 0; path = StampCardEasy.app; sourceTree = BUILT_PRODUCTS_DIR; };
		DB2C62CE217FA7B700F40095 /* AppDelegate.swift */ = {isa = PBXFileReference; lastKnownFileType = sourcecode.swift; path = AppDelegate.swift; sourceTree = "<group>"; };
		DB2C62D0217FA7B700F40095 /* MainViewController.swift */ = {isa = PBXFileReference; lastKnownFileType = sourcecode.swift; path = MainViewController.swift; sourceTree = "<group>"; };
		DB2C62D3217FA7B700F40095 /* Base */ = {isa = PBXFileReference; lastKnownFileType = file.storyboard; name = Base; path = Base.lproj/Main.storyboard; sourceTree = "<group>"; };
		DB2C62D8217FA7B800F40095 /* Base */ = {isa = PBXFileReference; lastKnownFileType = file.storyboard; name = Base; path = Base.lproj/LaunchScreen.storyboard; sourceTree = "<group>"; };
		DB2C62DA217FA7B800F40095 /* Info.plist */ = {isa = PBXFileReference; lastKnownFileType = text.plist.xml; path = Info.plist; sourceTree = "<group>"; };
		DB2C62E0217FAA1800F40095 /* Assets.xcassets */ = {isa = PBXFileReference; lastKnownFileType = folder.assetcatalog; path = Assets.xcassets; sourceTree = "<group>"; };
		DB2F08D9218389AE006BA147 /* infoPageControllViewController.swift */ = {isa = PBXFileReference; lastKnownFileType = sourcecode.swift; path = infoPageControllViewController.swift; sourceTree = "<group>"; };
		DB5F6BF02183D6400025BC9F /* HeaderCell.swift */ = {isa = PBXFileReference; lastKnownFileType = sourcecode.swift; path = HeaderCell.swift; sourceTree = "<group>"; };
		DB6BE5C6217FDCE6001C49B8 /* ProfileViewController.swift */ = {isa = PBXFileReference; lastKnownFileType = sourcecode.swift; path = ProfileViewController.swift; sourceTree = "<group>"; };
		DB6BE5C8217FDD90001C49B8 /* PurchaseViewController.swift */ = {isa = PBXFileReference; lastKnownFileType = sourcecode.swift; path = PurchaseViewController.swift; sourceTree = "<group>"; };
		DB6BE5CA217FDE38001C49B8 /* AddPlaceViewController.swift */ = {isa = PBXFileReference; lastKnownFileType = sourcecode.swift; path = AddPlaceViewController.swift; sourceTree = "<group>"; };
		DB6BE5D1217FE42B001C49B8 /* QRScannerViewController.swift */ = {isa = PBXFileReference; fileEncoding = 4; lastKnownFileType = sourcecode.swift; path = QRScannerViewController.swift; sourceTree = "<group>"; };
		DB78E6D521878B010056267E /* SettingsListViewController.swift */ = {isa = PBXFileReference; lastKnownFileType = sourcecode.swift; path = SettingsListViewController.swift; sourceTree = "<group>"; };
		DB78E6D7218797BE0056267E /* itemTableViewCell.swift */ = {isa = PBXFileReference; lastKnownFileType = sourcecode.swift; path = itemTableViewCell.swift; sourceTree = "<group>"; };
/* End PBXFileReference section */

/* Begin PBXFrameworksBuildPhase section */
		DB2C62C8217FA7B700F40095 /* Frameworks */ = {
			isa = PBXFrameworksBuildPhase;
			buildActionMask = 2147483647;
			files = (
			);
			runOnlyForDeploymentPostprocessing = 0;
		};
/* End PBXFrameworksBuildPhase section */

/* Begin PBXGroup section */
		DB2C62C2217FA7B700F40095 = {
			isa = PBXGroup;
			children = (
				DB2C62CD217FA7B700F40095 /* StampCardEasy */,
				DB2C62CC217FA7B700F40095 /* Products */,
			);
			sourceTree = "<group>";
		};
		DB2C62CC217FA7B700F40095 /* Products */ = {
			isa = PBXGroup;
			children = (
				DB2C62CB217FA7B700F40095 /* StampCardEasy.app */,
			);
			name = Products;
			sourceTree = "<group>";
		};
		DB2C62CD217FA7B700F40095 /* StampCardEasy */ = {
			isa = PBXGroup;
			children = (
				DB2C62CE217FA7B700F40095 /* AppDelegate.swift */,
				DB2C62D0217FA7B700F40095 /* MainViewController.swift */,
				DB2C62D2217FA7B700F40095 /* Main.storyboard */,
				DB2F08D9218389AE006BA147 /* infoPageControllViewController.swift */,
				DB6BE5CA217FDE38001C49B8 /* AddPlaceViewController.swift */,
				DB6BE5D1217FE42B001C49B8 /* QRScannerViewController.swift */,
				DB6BE5C8217FDD90001C49B8 /* PurchaseViewController.swift */,
				DB6BE5C6217FDCE6001C49B8 /* ProfileViewController.swift */,
				DB78E6D521878B010056267E /* SettingsListViewController.swift */,
				DB15FBB4217FDA9A00C97ADC /* SettingsViewController.swift */,
				DB78E6D7218797BE0056267E /* itemTableViewCell.swift */,
				DB5F6BF02183D6400025BC9F /* HeaderCell.swift */,
				DB2C62E0217FAA1800F40095 /* Assets.xcassets */,
				DB2C62D7217FA7B800F40095 /* LaunchScreen.storyboard */,
				DB2C62DA217FA7B800F40095 /* Info.plist */,
			);
			path = StampCardEasy;
			sourceTree = "<group>";
		};
/* End PBXGroup section */

/* Begin PBXNativeTarget section */
		DB2C62CA217FA7B700F40095 /* StampCardEasy */ = {
			isa = PBXNativeTarget;
			buildConfigurationList = DB2C62DD217FA7B800F40095 /* Build configuration list for PBXNativeTarget "StampCardEasy" */;
			buildPhases = (
				DB2C62C7217FA7B700F40095 /* Sources */,
				DB2C62C8217FA7B700F40095 /* Frameworks */,
				DB2C62C9217FA7B700F40095 /* Resources */,
			);
			buildRules = (
			);
			dependencies = (
			);
			name = StampCardEasy;
			productName = StampCardEasy;
			productReference = DB2C62CB217FA7B700F40095 /* StampCardEasy.app */;
			productType = "com.apple.product-type.application";
		};
/* End PBXNativeTarget section */

/* Begin PBXProject section */
		DB2C62C3217FA7B700F40095 /* Project object */ = {
			isa = PBXProject;
			attributes = {
				LastSwiftUpdateCheck = 1000;
				LastUpgradeCheck = 1000;
				ORGANIZATIONNAME = "Bilal Fakhro";
				TargetAttributes = {
					DB2C62CA217FA7B700F40095 = {
						CreatedOnToolsVersion = 10.0;
						SystemCapabilities = {
							com.apple.BackgroundModes = {
								enabled = 0;
							};
						};
					};
				};
			};
			buildConfigurationList = DB2C62C6217FA7B700F40095 /* Build configuration list for PBXProject "StampCardEasy" */;
			compatibilityVersion = "Xcode 9.3";
			developmentRegion = en;
			hasScannedForEncodings = 0;
			knownRegions = (
				en,
				Base,
			);
			mainGroup = DB2C62C2217FA7B700F40095;
			productRefGroup = DB2C62CC217FA7B700F40095 /* Products */;
			projectDirPath = "";
			projectRoot = "";
			targets = (
				DB2C62CA217FA7B700F40095 /* StampCardEasy */,
			);
		};
/* End PBXProject section */

/* Begin PBXResourcesBuildPhase section */
		DB2C62C9217FA7B700F40095 /* Resources */ = {
			isa = PBXResourcesBuildPhase;
			buildActionMask = 2147483647;
			files = (
				DB2C62D9217FA7B800F40095 /* LaunchScreen.storyboard in Resources */,
				DB2C62E1217FAA1900F40095 /* Assets.xcassets in Resources */,
				DB2C62D4217FA7B700F40095 /* Main.storyboard in Resources */,
			);
			runOnlyForDeploymentPostprocessing = 0;
		};
/* End PBXResourcesBuildPhase section */

/* Begin PBXSourcesBuildPhase section */
		DB2C62C7217FA7B700F40095 /* Sources */ = {
			isa = PBXSourcesBuildPhase;
			buildActionMask = 2147483647;
			files = (
				DB78E6D8218797BE0056267E /* itemTableViewCell.swift in Sources */,
				DB2C62D1217FA7B700F40095 /* MainViewController.swift in Sources */,
				DB2C62CF217FA7B700F40095 /* AppDelegate.swift in Sources */,
				DB2F08DA218389AE006BA147 /* infoPageControllViewController.swift in Sources */,
				DB5F6BF12183D6400025BC9F /* HeaderCell.swift in Sources */,
				DB6BE5CB217FDE38001C49B8 /* AddPlaceViewController.swift in Sources */,
				DB78E6D621878B010056267E /* SettingsListViewController.swift in Sources */,
				DB6BE5C7217FDCE6001C49B8 /* ProfileViewController.swift in Sources */,
				DB6BE5D3217FE42B001C49B8 /* QRScannerViewController.swift in Sources */,
				DB15FBB5217FDA9A00C97ADC /* SettingsViewController.swift in Sources */,
				DB6BE5C9217FDD90001C49B8 /* PurchaseViewController.swift in Sources */,
			);
			runOnlyForDeploymentPostprocessing = 0;
		};
/* End PBXSourcesBuildPhase section */

/* Begin PBXVariantGroup section */
		DB2C62D2217FA7B700F40095 /* Main.storyboard */ = {
			isa = PBXVariantGroup;
			children = (
				DB2C62D3217FA7B700F40095 /* Base */,
			);
			name = Main.storyboard;
			sourceTree = "<group>";
		};
		DB2C62D7217FA7B800F40095 /* LaunchScreen.storyboard */ = {
			isa = PBXVariantGroup;
			children = (
				DB2C62D8217FA7B800F40095 /* Base */,
			);
			name = LaunchScreen.storyboard;
			sourceTree = "<group>";
		};
/* End PBXVariantGroup section */

/* Begin XCBuildConfiguration section */
		DB2C62DB217FA7B800F40095 /* Debug */ = {
			isa = XCBuildConfiguration;
			buildSettings = {
				ALWAYS_SEARCH_USER_PATHS = NO;
				CLANG_ANALYZER_NONNULL = YES;
				CLANG_ANALYZER_NUMBER_OBJECT_CONVERSION = YES_AGGRESSIVE;
				CLANG_CXX_LANGUAGE_STANDARD = "gnu++14";
				CLANG_CXX_LIBRARY = "libc++";
				CLANG_ENABLE_MODULES = YES;
				CLANG_ENABLE_OBJC_ARC = YES;
				CLANG_ENABLE_OBJC_WEAK = YES;
				CLANG_WARN_BLOCK_CAPTURE_AUTORELEASING = YES;
				CLANG_WARN_BOOL_CONVERSION = YES;
				CLANG_WARN_COMMA = YES;
				CLANG_WARN_CONSTANT_CONVERSION = YES;
				CLANG_WARN_DEPRECATED_OBJC_IMPLEMENTATIONS = YES;
				CLANG_WARN_DIRECT_OBJC_ISA_USAGE = YES_ERROR;
				CLANG_WARN_DOCUMENTATION_COMMENTS = YES;
				CLANG_WARN_EMPTY_BODY = YES;
				CLANG_WARN_ENUM_CONVERSION = YES;
				CLANG_WARN_INFINITE_RECURSION = YES;
				CLANG_WARN_INT_CONVERSION = YES;
				CLANG_WARN_NON_LITERAL_NULL_CONVERSION = YES;
				CLANG_WARN_OBJC_IMPLICIT_RETAIN_SELF = YES;
				CLANG_WARN_OBJC_LITERAL_CONVERSION = YES;
				CLANG_WARN_OBJC_ROOT_CLASS = YES_ERROR;
				CLANG_WARN_RANGE_LOOP_ANALYSIS = YES;
				CLANG_WARN_STRICT_PROTOTYPES = YES;
				CLANG_WARN_SUSPICIOUS_MOVE = YES;
				CLANG_WARN_UNGUARDED_AVAILABILITY = YES_AGGRESSIVE;
				CLANG_WARN_UNREACHABLE_CODE = YES;
				CLANG_WARN__DUPLICATE_METHOD_MATCH = YES;
				CODE_SIGN_IDENTITY = "iPhone Developer";
				COPY_PHASE_STRIP = NO;
				DEBUG_INFORMATION_FORMAT = dwarf;
				ENABLE_STRICT_OBJC_MSGSEND = YES;
				ENABLE_TESTABILITY = YES;
				GCC_C_LANGUAGE_STANDARD = gnu11;
				GCC_DYNAMIC_NO_PIC = NO;
				GCC_NO_COMMON_BLOCKS = YES;
				GCC_OPTIMIZATION_LEVEL = 0;
				GCC_PREPROCESSOR_DEFINITIONS = (
					"DEBUG=1",
					"$(inherited)",
				);
				GCC_WARN_64_TO_32_BIT_CONVERSION = YES;
				GCC_WARN_ABOUT_RETURN_TYPE = YES_ERROR;
				GCC_WARN_UNDECLARED_SELECTOR = YES;
				GCC_WARN_UNINITIALIZED_AUTOS = YES_AGGRESSIVE;
				GCC_WARN_UNUSED_FUNCTION = YES;
				GCC_WARN_UNUSED_VARIABLE = YES;
				IPHONEOS_DEPLOYMENT_TARGET = 12.0;
				MTL_ENABLE_DEBUG_INFO = INCLUDE_SOURCE;
				MTL_FAST_MATH = YES;
				ONLY_ACTIVE_ARCH = YES;
				SDKROOT = iphoneos;
				SWIFT_ACTIVE_COMPILATION_CONDITIONS = DEBUG;
				SWIFT_OPTIMIZATION_LEVEL = "-Onone";
			};
			name = Debug;
		};
		DB2C62DC217FA7B800F40095 /* Release */ = {
			isa = XCBuildConfiguration;
			buildSettings = {
				ALWAYS_SEARCH_USER_PATHS = NO;
				CLANG_ANALYZER_NONNULL = YES;
				CLANG_ANALYZER_NUMBER_OBJECT_CONVERSION = YES_AGGRESSIVE;
				CLANG_CXX_LANGUAGE_STANDARD = "gnu++14";
				CLANG_CXX_LIBRARY = "libc++";
				CLANG_ENABLE_MODULES = YES;
				CLANG_ENABLE_OBJC_ARC = YES;
				CLANG_ENABLE_OBJC_WEAK = YES;
				CLANG_WARN_BLOCK_CAPTURE_AUTORELEASING = YES;
				CLANG_WARN_BOOL_CONVERSION = YES;
				CLANG_WARN_COMMA = YES;
				CLANG_WARN_CONSTANT_CONVERSION = YES;
				CLANG_WARN_DEPRECATED_OBJC_IMPLEMENTATIONS = YES;
				CLANG_WARN_DIRECT_OBJC_ISA_USAGE = YES_ERROR;
				CLANG_WARN_DOCUMENTATION_COMMENTS = YES;
				CLANG_WARN_EMPTY_BODY = YES;
				CLANG_WARN_ENUM_CONVERSION = YES;
				CLANG_WARN_INFINITE_RECURSION = YES;
				CLANG_WARN_INT_CONVERSION = YES;
				CLANG_WARN_NON_LITERAL_NULL_CONVERSION = YES;
				CLANG_WARN_OBJC_IMPLICIT_RETAIN_SELF = YES;
				CLANG_WARN_OBJC_LITERAL_CONVERSION = YES;
				CLANG_WARN_OBJC_ROOT_CLASS = YES_ERROR;
				CLANG_WARN_RANGE_LOOP_ANALYSIS = YES;
				CLANG_WARN_STRICT_PROTOTYPES = YES;
				CLANG_WARN_SUSPICIOUS_MOVE = YES;
				CLANG_WARN_UNGUARDED_AVAILABILITY = YES_AGGRESSIVE;
				CLANG_WARN_UNREACHABLE_CODE = YES;
				CLANG_WARN__DUPLICATE_METHOD_MATCH = YES;
				CODE_SIGN_IDENTITY = "iPhone Developer";
				COPY_PHASE_STRIP = NO;
				DEBUG_INFORMATION_FORMAT = "dwarf-with-dsym";
				ENABLE_NS_ASSERTIONS = NO;
				ENABLE_STRICT_OBJC_MSGSEND = YES;
				GCC_C_LANGUAGE_STANDARD = gnu11;
				GCC_NO_COMMON_BLOCKS = YES;
				GCC_WARN_64_TO_32_BIT_CONVERSION = YES;
				GCC_WARN_ABOUT_RETURN_TYPE = YES_ERROR;
				GCC_WARN_UNDECLARED_SELECTOR = YES;
				GCC_WARN_UNINITIALIZED_AUTOS = YES_AGGRESSIVE;
				GCC_WARN_UNUSED_FUNCTION = YES;
				GCC_WARN_UNUSED_VARIABLE = YES;
				IPHONEOS_DEPLOYMENT_TARGET = 12.0;
				MTL_ENABLE_DEBUG_INFO = NO;
				MTL_FAST_MATH = YES;
				SDKROOT = iphoneos;
				SWIFT_COMPILATION_MODE = wholemodule;
				SWIFT_OPTIMIZATION_LEVEL = "-O";
				VALIDATE_PRODUCT = YES;
			};
			name = Release;
		};
		DB2C62DE217FA7B800F40095 /* Debug */ = {
			isa = XCBuildConfiguration;
			buildSettings = {
				ASSETCATALOG_COMPILER_APPICON_NAME = AppIcon;
				ASSETCATALOG_COMPILER_LAUNCHIMAGE_NAME = LaunchImage;
				CODE_SIGN_STYLE = Automatic;
				DEVELOPMENT_TEAM = L8C3XR869H;
				INFOPLIST_FILE = StampCardEasy/Info.plist;
				LD_RUNPATH_SEARCH_PATHS = (
					"$(inherited)",
					"@executable_path/Frameworks",
				);
				PRODUCT_BUNDLE_IDENTIFIER = com.bilal.fakhto.StampCardEasy;
				PRODUCT_NAME = "$(TARGET_NAME)";
				SWIFT_VERSION = 4.2;
				TARGETED_DEVICE_FAMILY = 1;
			};
			name = Debug;
		};
		DB2C62DF217FA7B800F40095 /* Release */ = {
			isa = XCBuildConfiguration;
			buildSettings = {
				ASSETCATALOG_COMPILER_APPICON_NAME = AppIcon;
				ASSETCATALOG_COMPILER_LAUNCHIMAGE_NAME = LaunchImage;
				CODE_SIGN_STYLE = Automatic;
				DEVELOPMENT_TEAM = L8C3XR869H;
				INFOPLIST_FILE = StampCardEasy/Info.plist;
				LD_RUNPATH_SEARCH_PATHS = (
					"$(inherited)",
					"@executable_path/Frameworks",
				);
				PRODUCT_BUNDLE_IDENTIFIER = com.bilal.fakhto.StampCardEasy;
				PRODUCT_NAME = "$(TARGET_NAME)";
				SWIFT_VERSION = 4.2;
				TARGETED_DEVICE_FAMILY = 1;
			};
			name = Release;
		};
/* End XCBuildConfiguration section */

/* Begin XCConfigurationList section */
		DB2C62C6217FA7B700F40095 /* Build configuration list for PBXProject "StampCardEasy" */ = {
			isa = XCConfigurationList;
			buildConfigurations = (
				DB2C62DB217FA7B800F40095 /* Debug */,
				DB2C62DC217FA7B800F40095 /* Release */,
			);
			defaultConfigurationIsVisible = 0;
			defaultConfigurationName = Release;
		};
		DB2C62DD217FA7B800F40095 /* Build configuration list for PBXNativeTarget "StampCardEasy" */ = {
			isa = XCConfigurationList;
			buildConfigurations = (
				DB2C62DE217FA7B800F40095 /* Debug */,
				DB2C62DF217FA7B800F40095 /* Release */,
			);
			defaultConfigurationIsVisible = 0;
			defaultConfigurationName = Release;
		};
/* End XCConfigurationList section */
	};
	rootObject = DB2C62C3217FA7B700F40095 /* Project object */;
}
